
Microsoft Visual Studio Solution File, Format Version 12.00
# Visual Studio Version 16
VisualStudioVersion = 16.0.31321.278
MinimumVisualStudioVersion = 10.0.40219.1
Project("{9A19103F-16F7-4668-BE54-9A1E7A4F7556}") = "webtruyentranh", "webtruyentranh\webtruyentranh.csproj", "{AC6B6926-785B-4826-8D59-D0DE5ABF80DE}"
EndProject
Project("{9A19103F-16F7-4668-BE54-9A1E7A4F7556}") = "WebTruyenTranhDataAccess", "WebTruyenTranhDataAccess\WebTruyenTranhDataAccess.csproj", "{AE71EE84-C97F-4695-8D9E-FC0865B876C0}"
EndProject
Global
	GlobalSection(SolutionConfigurationPlatforms) = preSolution
		Debug|Any CPU = Debug|Any CPU
		Release|Any CPU = Release|Any CPU
	EndGlobalSection
	GlobalSection(ProjectConfigurationPlatforms) = postSolution
		{AC6B6926-785B-4826-8D59-D0DE5ABF80DE}.Debug|Any CPU.ActiveCfg = Debug|Any CPU
		{AC6B6926-785B-4826-8D59-D0DE5ABF80DE}.Debug|Any CPU.Build.0 = Debug|Any CPU
		{AC6B6926-785B-4826-8D59-D0DE5ABF80DE}.Release|Any CPU.ActiveCfg = Release|Any CPU
		{AC6B6926-785B-4826-8D59-D0DE5ABF80DE}.Release|Any CPU.Build.0 = Release|Any CPU
		{AE71EE84-C97F-4695-8D9E-FC0865B876C0}.Debug|Any CPU.ActiveCfg = Debug|Any CPU
		{AE71EE84-C97F-4695-8D9E-FC0865B876C0}.Debug|Any CPU.Build.0 = Debug|Any CPU
		{AE71EE84-C97F-4695-8D9E-FC0865B876C0}.Release|Any CPU.ActiveCfg = Release|Any CPU
		{AE71EE84-C97F-4695-8D9E-FC0865B876C0}.Release|Any CPU.Build.0 = Release|Any CPU
	EndGlobalSection
	GlobalSection(SolutionProperties) = preSolution
		HideSolutionNode = FALSE
	EndGlobalSection
	GlobalSection(ExtensibilityGlobals) = postSolution
		SolutionGuid = {F2610C42-A6EF-462C-8DC5-71A18808F76F}
	EndGlobalSection
EndGlobal
